
Microsoft Visual Studio Solution File, Format Version 12.00
# Visual Studio Version 17
VisualStudioVersion = 17.0.31903.59
MinimumVisualStudioVersion = 10.0.40219.1
Project("{9A19103F-16F7-4668-BE54-9A1E7A4F7556}") = "SupplyCompany.Domain", "SupplyCompany.Domain\SupplyCompany.Domain.csproj", "{9D1BFC79-FC8C-4376-85ED-98923D49314A}"
EndProject
Project("{9A19103F-16F7-4668-BE54-9A1E7A4F7556}") = "SupplyCompany.Infrastructure", "SupplyCompany.Infrastructure\SupplyCompany.Infrastructure.csproj", "{5D234CE9-AA1C-41A8-9DBB-0E3C28129D9B}"
EndProject
Project("{9A19103F-16F7-4668-BE54-9A1E7A4F7556}") = "SupplyCompany.TestConsole", "SupplyCompany.TestConsole\SupplyCompany.TestConsole.csproj", "{E5794791-4B0E-4B45-8093-20CFDE77474A}"
EndProject
Project("{9A19103F-16F7-4668-BE54-9A1E7A4F7556}") = "SupplyCompany.Application", "SupplyCompany.Application\SupplyCompany.Application.csproj", "{E46FA9A8-335B-4112-9DDE-235E9BBBB078}"
EndProject
Project("{2150E333-8FDC-42A3-9474-1A3956D46DE8}") = "Solution Items", "Solution Items", "{D862D0B6-3349-42F1-89FC-8068D742BBF3}"
	ProjectSection(SolutionItems) = preProject
		.gitignore = .gitignore
	EndProjectSection
EndProject
Project("{9A19103F-16F7-4668-BE54-9A1E7A4F7556}") = "SupplyCompany.Api", "SupplyCompany.Api\SupplyCompany.Api.csproj", "{1D7B5433-1DB7-493B-89F9-9E6E81CF69F4}"
EndProject
Project("{9A19103F-16F7-4668-BE54-9A1E7A4F7556}") = "SupplyCompany.DTO", "SupplyCompany.DTO\SupplyCompany.DTO.csproj", "{F030F271-FA96-4BA2-8164-6169AC3450E2}"
EndProject
Global
	GlobalSection(SolutionConfigurationPlatforms) = preSolution
		Debug|Any CPU = Debug|Any CPU
		Release|Any CPU = Release|Any CPU
	EndGlobalSection
	GlobalSection(ProjectConfigurationPlatforms) = postSolution
		{9D1BFC79-FC8C-4376-85ED-98923D49314A}.Debug|Any CPU.ActiveCfg = Debug|Any CPU
		{9D1BFC79-FC8C-4376-85ED-98923D49314A}.Debug|Any CPU.Build.0 = Debug|Any CPU
		{9D1BFC79-FC8C-4376-85ED-98923D49314A}.Release|Any CPU.ActiveCfg = Release|Any CPU
		{9D1BFC79-FC8C-4376-85ED-98923D49314A}.Release|Any CPU.Build.0 = Release|Any CPU
		{5D234CE9-AA1C-41A8-9DBB-0E3C28129D9B}.Debug|Any CPU.ActiveCfg = Debug|Any CPU
		{5D234CE9-AA1C-41A8-9DBB-0E3C28129D9B}.Debug|Any CPU.Build.0 = Debug|Any CPU
		{5D234CE9-AA1C-41A8-9DBB-0E3C28129D9B}.Release|Any CPU.ActiveCfg = Release|Any CPU
		{5D234CE9-AA1C-41A8-9DBB-0E3C28129D9B}.Release|Any CPU.Build.0 = Release|Any CPU
		{E5794791-4B0E-4B45-8093-20CFDE77474A}.Debug|Any CPU.ActiveCfg = Debug|Any CPU
		{E5794791-4B0E-4B45-8093-20CFDE77474A}.Debug|Any CPU.Build.0 = Debug|Any CPU
		{E5794791-4B0E-4B45-8093-20CFDE77474A}.Release|Any CPU.ActiveCfg = Release|Any CPU
		{E5794791-4B0E-4B45-8093-20CFDE77474A}.Release|Any CPU.Build.0 = Release|Any CPU
		{E46FA9A8-335B-4112-9DDE-235E9BBBB078}.Debug|Any CPU.ActiveCfg = Debug|Any CPU
		{E46FA9A8-335B-4112-9DDE-235E9BBBB078}.Debug|Any CPU.Build.0 = Debug|Any CPU
		{E46FA9A8-335B-4112-9DDE-235E9BBBB078}.Release|Any CPU.ActiveCfg = Release|Any CPU
		{E46FA9A8-335B-4112-9DDE-235E9BBBB078}.Release|Any CPU.Build.0 = Release|Any CPU
		{1D7B5433-1DB7-493B-89F9-9E6E81CF69F4}.Debug|Any CPU.ActiveCfg = Debug|Any CPU
		{1D7B5433-1DB7-493B-89F9-9E6E81CF69F4}.Debug|Any CPU.Build.0 = Debug|Any CPU
		{1D7B5433-1DB7-493B-89F9-9E6E81CF69F4}.Release|Any CPU.ActiveCfg = Release|Any CPU
		{1D7B5433-1DB7-493B-89F9-9E6E81CF69F4}.Release|Any CPU.Build.0 = Release|Any CPU
		{F030F271-FA96-4BA2-8164-6169AC3450E2}.Debug|Any CPU.ActiveCfg = Debug|Any CPU
		{F030F271-FA96-4BA2-8164-6169AC3450E2}.Debug|Any CPU.Build.0 = Debug|Any CPU
		{F030F271-FA96-4BA2-8164-6169AC3450E2}.Release|Any CPU.ActiveCfg = Release|Any CPU
		{F030F271-FA96-4BA2-8164-6169AC3450E2}.Release|Any CPU.Build.0 = Release|Any CPU
	EndGlobalSection
	GlobalSection(SolutionProperties) = preSolution
		HideSolutionNode = FALSE
	EndGlobalSection
	GlobalSection(ExtensibilityGlobals) = postSolution
		SolutionGuid = {4D4200DB-9EF4-4928-A27B-C7ABF391165F}
	EndGlobalSection
EndGlobal
